
Microsoft Visual Studio Solution File, Format Version 12.00
# Visual Studio Version 17
VisualStudioVersion = 17.14.36429.23 d17.14
MinimumVisualStudioVersion = 10.0.40219.1
Project("{FAE04EC0-301F-11D3-BF4B-00C04F79EFBC}") = "JiraProject", "JiraProject.csproj", "{44A7AB0B-D865-4DA8-BBD0-D334B3656869}"
EndProject
Global
	GlobalSection(SolutionConfigurationPlatforms) = preSolution
		Debug|Any CPU = Debug|Any CPU
		Release|Any CPU = Release|Any CPU
	EndGlobalSection
	GlobalSection(ProjectConfigurationPlatforms) = postSolution
		{44A7AB0B-D865-4DA8-BBD0-D334B3656869}.Debug|Any CPU.ActiveCfg = Debug|Any CPU
		{44A7AB0B-D865-4DA8-BBD0-D334B3656869}.Debug|Any CPU.Build.0 = Debug|Any CPU
		{44A7AB0B-D865-4DA8-BBD0-D334B3656869}.Release|Any CPU.ActiveCfg = Release|Any CPU
		{44A7AB0B-D865-4DA8-BBD0-D334B3656869}.Release|Any CPU.Build.0 = Release|Any CPU
	EndGlobalSection
	GlobalSection(SolutionProperties) = preSolution
		HideSolutionNode = FALSE
	EndGlobalSection
	GlobalSection(ExtensibilityGlobals) = postSolution
		SolutionGuid = {84301280-2697-4D1D-8279-F9E0178E0B31}
	EndGlobalSection
EndGlobal
