
Microsoft Visual Studio Solution File, Format Version 12.00
# Visual Studio Version 17
VisualStudioVersion = 17.11.35303.130
MinimumVisualStudioVersion = 10.0.40219.1
Project("{FAE04EC0-301F-11D3-BF4B-00C04F79EFBC}") = "ExamProject", "ExamProject\ExamProject.csproj", "{EFA81CE3-6F9E-4E66-A855-1E29C49B0488}"
EndProject
Global
	GlobalSection(SolutionConfigurationPlatforms) = preSolution
		Debug|Any CPU = Debug|Any CPU
		Release|Any CPU = Release|Any CPU
	EndGlobalSection
	GlobalSection(ProjectConfigurationPlatforms) = postSolution
		{EFA81CE3-6F9E-4E66-A855-1E29C49B0488}.Debug|Any CPU.ActiveCfg = Debug|Any CPU
		{EFA81CE3-6F9E-4E66-A855-1E29C49B0488}.Debug|Any CPU.Build.0 = Debug|Any CPU
		{EFA81CE3-6F9E-4E66-A855-1E29C49B0488}.Release|Any CPU.ActiveCfg = Release|Any CPU
		{EFA81CE3-6F9E-4E66-A855-1E29C49B0488}.Release|Any CPU.Build.0 = Release|Any CPU
	EndGlobalSection
	GlobalSection(SolutionProperties) = preSolution
		HideSolutionNode = FALSE
	EndGlobalSection
	GlobalSection(ExtensibilityGlobals) = postSolution
		SolutionGuid = {A51E709F-23E2-443E-91A5-01C8A828E399}
	EndGlobalSection
EndGlobal
